
Microsoft Visual Studio Solution File, Format Version 12.00
# Visual Studio Version 17
VisualStudioVersion = 17.0.31521.260
MinimumVisualStudioVersion = 10.0.40219.1
Project("{9A19103F-16F7-4668-BE54-9A1E7A4F7556}") = "DevStudio", "DevStudio\DevStudio.csproj", "{64421DEC-7F41-4F88-B59C-7565386B2E86}"
EndProject
Project("{2150E333-8FDC-42A3-9474-1A3956D46DE8}") = "Presentation", "Presentation", "{99F7B48B-7D78-49E5-BBC3-E674336EE7E7}"
EndProject
Project("{2150E333-8FDC-42A3-9474-1A3956D46DE8}") = "Views", "Views", "{E7C01E0F-4407-4BCC-8662-1BFD4F214F92}"
EndProject
Project("{2150E333-8FDC-42A3-9474-1A3956D46DE8}") = "Windows", "Windows", "{0E2AB7DE-481A-48A8-A7B4-B9CA3E652AC7}"
EndProject
Project("{FAE04EC0-301F-11D3-BF4B-00C04F79EFBC}") = "Dev.Main", "Dev.Main\Dev.Main.csproj", "{CCA12CD2-0B20-4CA1-8974-ECF04CE371DC}"
EndProject
Global
	GlobalSection(SolutionConfigurationPlatforms) = preSolution
		Debug|Any CPU = Debug|Any CPU
		Release|Any CPU = Release|Any CPU
	EndGlobalSection
	GlobalSection(ProjectConfigurationPlatforms) = postSolution
		{64421DEC-7F41-4F88-B59C-7565386B2E86}.Debug|Any CPU.ActiveCfg = Debug|Any CPU
		{64421DEC-7F41-4F88-B59C-7565386B2E86}.Debug|Any CPU.Build.0 = Debug|Any CPU
		{64421DEC-7F41-4F88-B59C-7565386B2E86}.Release|Any CPU.ActiveCfg = Release|Any CPU
		{64421DEC-7F41-4F88-B59C-7565386B2E86}.Release|Any CPU.Build.0 = Release|Any CPU
		{CCA12CD2-0B20-4CA1-8974-ECF04CE371DC}.Debug|Any CPU.ActiveCfg = Debug|Any CPU
		{CCA12CD2-0B20-4CA1-8974-ECF04CE371DC}.Debug|Any CPU.Build.0 = Debug|Any CPU
		{CCA12CD2-0B20-4CA1-8974-ECF04CE371DC}.Release|Any CPU.ActiveCfg = Release|Any CPU
		{CCA12CD2-0B20-4CA1-8974-ECF04CE371DC}.Release|Any CPU.Build.0 = Release|Any CPU
	EndGlobalSection
	GlobalSection(SolutionProperties) = preSolution
		HideSolutionNode = FALSE
	EndGlobalSection
	GlobalSection(NestedProjects) = preSolution
		{E7C01E0F-4407-4BCC-8662-1BFD4F214F92} = {99F7B48B-7D78-49E5-BBC3-E674336EE7E7}
		{0E2AB7DE-481A-48A8-A7B4-B9CA3E652AC7} = {99F7B48B-7D78-49E5-BBC3-E674336EE7E7}
		{CCA12CD2-0B20-4CA1-8974-ECF04CE371DC} = {0E2AB7DE-481A-48A8-A7B4-B9CA3E652AC7}
	EndGlobalSection
	GlobalSection(ExtensibilityGlobals) = postSolution
		SolutionGuid = {0E37C7BB-477E-48A0-BF10-2E059354A3A6}
	EndGlobalSection
EndGlobal
