
Microsoft Visual Studio Solution File, Format Version 12.00
# Visual Studio Version 17
VisualStudioVersion = 17.0.31612.314
MinimumVisualStudioVersion = 10.0.40219.1
Project("{9A19103F-16F7-4668-BE54-9A1E7A4F7556}") = "NcoreStudio", "NcoreStudio\NcoreStudio.csproj", "{BF51315F-DE0C-4306-A9DE-05D6F408D4DF}"
EndProject
Project("{2150E333-8FDC-42A3-9474-1A3956D46DE8}") = "Presentation", "Presentation", "{389128F2-AC2E-4063-8891-5CE439E41E60}"
EndProject
Project("{9A19103F-16F7-4668-BE54-9A1E7A4F7556}") = "Ncore.Main", "Ncore.Main\Ncore.Main.csproj", "{2723B295-387F-4E0E-808D-B281DBE01523}"
EndProject
Project("{2150E333-8FDC-42A3-9474-1A3956D46DE8}") = "Windows", "Windows", "{B8B7F134-DF68-47F9-A151-902FC16CE4A8}"
EndProject
Project("{2150E333-8FDC-42A3-9474-1A3956D46DE8}") = "Views", "Views", "{700CBA46-D8E0-4FF7-BBFC-2C88DFEE48B3}"
EndProject
Project("{2150E333-8FDC-42A3-9474-1A3956D46DE8}") = "Based", "Based", "{232FE246-0A9C-4F04-AE11-FCF677BE30DE}"
EndProject
Project("{FAE04EC0-301F-11D3-BF4B-00C04F79EFBC}") = "Ncore.Foundation", "Ncore.Foundation\Ncore.Foundation.csproj", "{7CF47F9A-A01F-4C9F-9C65-6267384C956E}"
EndProject
Project("{FAE04EC0-301F-11D3-BF4B-00C04F79EFBC}") = "Ncore.Data", "Ncore.Data\Ncore.Data.csproj", "{70B0141F-898C-4527-9807-C78DA70C6F0D}"
EndProject
Project("{FAE04EC0-301F-11D3-BF4B-00C04F79EFBC}") = "Ncore.DBGen", "Ncore.DBGen\Ncore.DBGen.csproj", "{83F228A5-B182-444D-B8C1-1F2D26E1A586}"
EndProject
Project("{2150E333-8FDC-42A3-9474-1A3956D46DE8}") = "Material", "Material", "{90850D36-E62C-4CFD-A2CF-F07150BE61D8}"
EndProject
Project("{2150E333-8FDC-42A3-9474-1A3956D46DE8}") = "Extends", "Extends", "{D5841DD4-D2BB-470B-8119-3523C7EA93C9}"
EndProject
Global
	GlobalSection(SolutionConfigurationPlatforms) = preSolution
		Debug|Any CPU = Debug|Any CPU
		Release|Any CPU = Release|Any CPU
	EndGlobalSection
	GlobalSection(ProjectConfigurationPlatforms) = postSolution
		{BF51315F-DE0C-4306-A9DE-05D6F408D4DF}.Debug|Any CPU.ActiveCfg = Debug|Any CPU
		{BF51315F-DE0C-4306-A9DE-05D6F408D4DF}.Debug|Any CPU.Build.0 = Debug|Any CPU
		{BF51315F-DE0C-4306-A9DE-05D6F408D4DF}.Release|Any CPU.ActiveCfg = Release|Any CPU
		{BF51315F-DE0C-4306-A9DE-05D6F408D4DF}.Release|Any CPU.Build.0 = Release|Any CPU
		{2723B295-387F-4E0E-808D-B281DBE01523}.Debug|Any CPU.ActiveCfg = Debug|Any CPU
		{2723B295-387F-4E0E-808D-B281DBE01523}.Debug|Any CPU.Build.0 = Debug|Any CPU
		{2723B295-387F-4E0E-808D-B281DBE01523}.Release|Any CPU.ActiveCfg = Release|Any CPU
		{2723B295-387F-4E0E-808D-B281DBE01523}.Release|Any CPU.Build.0 = Release|Any CPU
		{7CF47F9A-A01F-4C9F-9C65-6267384C956E}.Debug|Any CPU.ActiveCfg = Debug|Any CPU
		{7CF47F9A-A01F-4C9F-9C65-6267384C956E}.Debug|Any CPU.Build.0 = Debug|Any CPU
		{7CF47F9A-A01F-4C9F-9C65-6267384C956E}.Release|Any CPU.ActiveCfg = Release|Any CPU
		{7CF47F9A-A01F-4C9F-9C65-6267384C956E}.Release|Any CPU.Build.0 = Release|Any CPU
		{70B0141F-898C-4527-9807-C78DA70C6F0D}.Debug|Any CPU.ActiveCfg = Debug|Any CPU
		{70B0141F-898C-4527-9807-C78DA70C6F0D}.Debug|Any CPU.Build.0 = Debug|Any CPU
		{70B0141F-898C-4527-9807-C78DA70C6F0D}.Release|Any CPU.ActiveCfg = Release|Any CPU
		{70B0141F-898C-4527-9807-C78DA70C6F0D}.Release|Any CPU.Build.0 = Release|Any CPU
		{83F228A5-B182-444D-B8C1-1F2D26E1A586}.Debug|Any CPU.ActiveCfg = Debug|Any CPU
		{83F228A5-B182-444D-B8C1-1F2D26E1A586}.Debug|Any CPU.Build.0 = Debug|Any CPU
		{83F228A5-B182-444D-B8C1-1F2D26E1A586}.Release|Any CPU.ActiveCfg = Release|Any CPU
		{83F228A5-B182-444D-B8C1-1F2D26E1A586}.Release|Any CPU.Build.0 = Release|Any CPU
	EndGlobalSection
	GlobalSection(SolutionProperties) = preSolution
		HideSolutionNode = FALSE
	EndGlobalSection
	GlobalSection(NestedProjects) = preSolution
		{2723B295-387F-4E0E-808D-B281DBE01523} = {B8B7F134-DF68-47F9-A151-902FC16CE4A8}
		{B8B7F134-DF68-47F9-A151-902FC16CE4A8} = {389128F2-AC2E-4063-8891-5CE439E41E60}
		{700CBA46-D8E0-4FF7-BBFC-2C88DFEE48B3} = {389128F2-AC2E-4063-8891-5CE439E41E60}
		{7CF47F9A-A01F-4C9F-9C65-6267384C956E} = {232FE246-0A9C-4F04-AE11-FCF677BE30DE}
		{70B0141F-898C-4527-9807-C78DA70C6F0D} = {232FE246-0A9C-4F04-AE11-FCF677BE30DE}
		{83F228A5-B182-444D-B8C1-1F2D26E1A586} = {232FE246-0A9C-4F04-AE11-FCF677BE30DE}
	EndGlobalSection
	GlobalSection(ExtensibilityGlobals) = postSolution
		SolutionGuid = {5195FBA0-AF9A-42E8-933B-9CE1B76EA470}
	EndGlobalSection
EndGlobal
